PODS:
  - DCColor (0.1.0):
    - DCCoreGraphics (~> 0.1.0)
  - DCCoreGraphics (0.1.0)
  - RxCocoa (4.3.1):
    - RxSwift (~> 4.0)
  - RxSwift (4.3.1)

DEPENDENCIES:
  - DCColor (from `~/Developer/sharedCode/Modules/DCColor`)
  - DCCoreGraphics (from `~/Developer/sharedCode/Modules/DCCoreGraphics`)
  - RxCocoa (~> 4.3.1)
  - RxSwift (~> 4.3.1)

SPEC REPOS:
  https://github.com/cocoapods/specs.git:
    - RxCocoa
    - RxSwift

EXTERNAL SOURCES:
  DCColor:
    :path: "~/Developer/sharedCode/Modules/DCColor"
  DCCoreGraphics:
    :path: "~/Developer/sharedCode/Modules/DCCoreGraphics"

SPEC CHECKSUMS:
  DCColor: 1e0765fcfd3629291fc1625165309f5e4d4229c8
  DCCoreGraphics: 85df860cb21ae6e0bc142059c8561e3ecd149698
  RxCocoa: 78763c7b07d02455598d9fc3c1ad091a28b73635
  RxSwift: fe0fd770a43acdb7d0a53da411c9b892e69bb6e4

PODFILE CHECKSUM: 07c69614af9f1a9d9661bcbd58a09fbe765d231d

COCOAPODS: 1.5.3
