// !$*UTF8*$!
{
	archiveVersion = 1;
	classes = {
	};
	objectVersion = 52;
	objects = {

/* Begin PBXBuildFile section */
		54BE6B5224FBAFF2005D9D82 /* AppDelegate.swift in Sources */ = {isa = PBXBuildFile; fileRef = 54BE6B5124FBAFF2005D9D82 /* AppDelegate.swift */; };
		54BE6B5C24FBAFF2005D9D82 /* Main.storyboard in Resources */ = {isa = PBXBuildFile; fileRef = 54BE6B5A24FBAFF2005D9D82 /* Main.storyboard */; };
		54BE6B5E24FBAFF4005D9D82 /* Assets.xcassets in Resources */ = {isa = PBXBuildFile; fileRef = 54BE6B5D24FBAFF4005D9D82 /* Assets.xcassets */; };
		54BE6B6124FBAFF4005D9D82 /* LaunchScreen.storyboard in Resources */ = {isa = PBXBuildFile; fileRef = 54BE6B5F24FBAFF4005D9D82 /* LaunchScreen.storyboard */; };
		54BE6B6D24FBAFF4005D9D82 /* ARPaintTests.swift in Sources */ = {isa = PBXBuildFile; fileRef = 54BE6B6C24FBAFF4005D9D82 /* ARPaintTests.swift */; };
		54BE6B8524FBB010005D9D82 /* DCColor.framework in Frameworks */ = {isa = PBXBuildFile; fileRef = 54BE6B7C24FBB010005D9D82 /* DCColor.framework */; };
		54BE6B8C24FBB010005D9D82 /* DCColorTests.swift in Sources */ = {isa = PBXBuildFile; fileRef = 54BE6B8B24FBB010005D9D82 /* DCColorTests.swift */; };
		54BE6B8E24FBB010005D9D82 /* DCColor.h in Headers */ = {isa = PBXBuildFile; fileRef = 54BE6B7E24FBB010005D9D82 /* DCColor.h */; settings = {ATTRIBUTES = (Public, ); }; };
		54BE6B9124FBB010005D9D82 /* DCColor.framework in Frameworks */ = {isa = PBXBuildFile; fileRef = 54BE6B7C24FBB010005D9D82 /* DCColor.framework */; };
		54BE6B9224FBB010005D9D82 /* DCColor.framework in Embed Frameworks */ = {isa = PBXBuildFile; fileRef = 54BE6B7C24FBB010005D9D82 /* DCColor.framework */; settings = {ATTRIBUTES = (CodeSignOnCopy, RemoveHeadersOnCopy, ); }; };
		54BE6BA724FBB103005D9D82 /* CGPointExtension.swift in Sources */ = {isa = PBXBuildFile; fileRef = 54BE6B9A24FBB103005D9D82 /* CGPointExtension.swift */; };
		54BE6BA824FBB103005D9D82 /* CGContextExtension.swift in Sources */ = {isa = PBXBuildFile; fileRef = 54BE6B9B24FBB103005D9D82 /* CGContextExtension.swift */; };
		54BE6BA924FBB103005D9D82 /* DCHueCircleControl.swift in Sources */ = {isa = PBXBuildFile; fileRef = 54BE6B9C24FBB103005D9D82 /* DCHueCircleControl.swift */; };
		54BE6BAA24FBB103005D9D82 /* PixelStructs.swift in Sources */ = {isa = PBXBuildFile; fileRef = 54BE6B9D24FBB103005D9D82 /* PixelStructs.swift */; };
		54BE6BAB24FBB103005D9D82 /* CGRectExtension.swift in Sources */ = {isa = PBXBuildFile; fileRef = 54BE6B9E24FBB103005D9D82 /* CGRectExtension.swift */; };
		54BE6BAC24FBB103005D9D82 /* DCColorControl.swift in Sources */ = {isa = PBXBuildFile; fileRef = 54BE6B9F24FBB103005D9D82 /* DCColorControl.swift */; };
		54BE6BAD24FBB103005D9D82 /* RGBColor.swift in Sources */ = {isa = PBXBuildFile; fileRef = 54BE6BA024FBB103005D9D82 /* RGBColor.swift */; };
		54BE6BAE24FBB103005D9D82 /* DCSwatch.swift in Sources */ = {isa = PBXBuildFile; fileRef = 54BE6BA124FBB103005D9D82 /* DCSwatch.swift */; };
		54BE6BAF24FBB103005D9D82 /* DCSwatchButton.swift in Sources */ = {isa = PBXBuildFile; fileRef = 54BE6BA224FBB103005D9D82 /* DCSwatchButton.swift */; };
		54BE6BB024FBB103005D9D82 /* Color.swift in Sources */ = {isa = PBXBuildFile; fileRef = 54BE6BA324FBB103005D9D82 /* Color.swift */; };
		54BE6BB124FBB103005D9D82 /* HSBColor.swift in Sources */ = {isa = PBXBuildFile; fileRef = 54BE6BA424FBB103005D9D82 /* HSBColor.swift */; };
		54BE6BB224FBB103005D9D82 /* mapRange.swift in Sources */ = {isa = PBXBuildFile; fileRef = 54BE6BA524FBB103005D9D82 /* mapRange.swift */; };
		54BE6BB324FBB103005D9D82 /* utilities.swift in Sources */ = {isa = PBXBuildFile; fileRef = 54BE6BA624FBB103005D9D82 /* utilities.swift */; };
		54BE6BB624FBB63C005D9D82 /* RxSwift in Frameworks */ = {isa = PBXBuildFile; productRef = 54BE6BB524FBB63C005D9D82 /* RxSwift */; };
		54BE6BB824FBB63C005D9D82 /* RxCocoa in Frameworks */ = {isa = PBXBuildFile; productRef = 54BE6BB724FBB63C005D9D82 /* RxCocoa */; };
		54BE6BBE24FBB6CF005D9D82 /* ColorControl+rx.swift in Sources */ = {isa = PBXBuildFile; fileRef = 54BE6BB924FBB6CF005D9D82 /* ColorControl+rx.swift */; };
		54BE6BBF24FBB6CF005D9D82 /* PaintViewController.swift in Sources */ = {isa = PBXBuildFile; fileRef = 54BE6BBA24FBB6CF005D9D82 /* PaintViewController.swift */; };
		54BE6BC024FBB6CF005D9D82 /* PaintGestureRecognizer.swift in Sources */ = {isa = PBXBuildFile; fileRef = 54BE6BBB24FBB6CF005D9D82 /* PaintGestureRecognizer.swift */; };
		54BE6BC124FBB6CF005D9D82 /* PaintViewModel.swift in Sources */ = {isa = PBXBuildFile; fileRef = 54BE6BBC24FBB6CF005D9D82 /* PaintViewModel.swift */; };
		54BE6BC224FBB6CF005D9D82 /* Util.swift in Sources */ = {isa = PBXBuildFile; fileRef = 54BE6BBD24FBB6CF005D9D82 /* Util.swift */; };
		54BE6BCD24FBB6F2005D9D82 /* Noise.metal in Sources */ = {isa = PBXBuildFile; fileRef = 54BE6BC424FBB6F1005D9D82 /* Noise.metal */; };
		54BE6BCE24FBB6F2005D9D82 /* ARMetalDrawable.swift in Sources */ = {isa = PBXBuildFile; fileRef = 54BE6BC624FBB6F1005D9D82 /* ARMetalDrawable.swift */; };
		54BE6BCF24FBB6F2005D9D82 /* Shaders.metal in Sources */ = {isa = PBXBuildFile; fileRef = 54BE6BC724FBB6F1005D9D82 /* Shaders.metal */; };
		54BE6BD024FBB6F2005D9D82 /* Points.swift in Sources */ = {isa = PBXBuildFile; fileRef = 54BE6BC824FBB6F1005D9D82 /* Points.swift */; };
		54BE6BD124FBB6F2005D9D82 /* Cubes.swift in Sources */ = {isa = PBXBuildFile; fileRef = 54BE6BC924FBB6F1005D9D82 /* Cubes.swift */; };
		54BE6BD224FBB6F2005D9D82 /* CapturedImage.swift in Sources */ = {isa = PBXBuildFile; fileRef = 54BE6BCB24FBB6F1005D9D82 /* CapturedImage.swift */; };
		54BE6BD324FBB6F2005D9D82 /* Renderer.swift in Sources */ = {isa = PBXBuildFile; fileRef = 54BE6BCC24FBB6F1005D9D82 /* Renderer.swift */; };
		54BE6BD524FBB87C005D9D82 /* RGBColor+simd.swift in Sources */ = {isa = PBXBuildFile; fileRef = 54BE6BD424FBB87C005D9D82 /* RGBColor+simd.swift */; };
/* End PBXBuildFile section */

/* Begin PBXContainerItemProxy section */
		54BE6B6924FBAFF4005D9D82 /* PBXContainerItemProxy */ = {
			isa = PBXContainerItemProxy;
			containerPortal = 54BE6B4624FBAFF2005D9D82 /* Project object */;
			proxyType = 1;
			remoteGlobalIDString = 54BE6B4D24FBAFF2005D9D82;
			remoteInfo = ARPaint;
		};
		54BE6B8624FBB010005D9D82 /* PBXContainerItemProxy */ = {
			isa = PBXContainerItemProxy;
			containerPortal = 54BE6B4624FBAFF2005D9D82 /* Project object */;
			proxyType = 1;
			remoteGlobalIDString = 54BE6B7B24FBB010005D9D82;
			remoteInfo = DCColor;
		};
		54BE6B8824FBB010005D9D82 /* PBXContainerItemProxy */ = {
			isa = PBXContainerItemProxy;
			containerPortal = 54BE6B4624FBAFF2005D9D82 /* Project object */;
			proxyType = 1;
			remoteGlobalIDString = 54BE6B4D24FBAFF2005D9D82;
			remoteInfo = ARPaint;
		};
		54BE6B8F24FBB010005D9D82 /* PBXContainerItemProxy */ = {
			isa = PBXContainerItemProxy;
			containerPortal = 54BE6B4624FBAFF2005D9D82 /* Project object */;
			proxyType = 1;
			remoteGlobalIDString = 54BE6B7B24FBB010005D9D82;
			remoteInfo = DCColor;
		};
/* End PBXContainerItemProxy section */

/* Begin PBXCopyFilesBuildPhase section */
		54BE6B9624FBB010005D9D82 /* Embed Frameworks */ = {
			isa = PBXCopyFilesBuildPhase;
			buildActionMask = 2147483647;
			dstPath = "";
			dstSubfolderSpec = 10;
			files = (
				54BE6B9224FBB010005D9D82 /* DCColor.framework in Embed Frameworks */,
			);
			name = "Embed Frameworks";
			runOnlyForDeploymentPostprocessing = 0;
		};
/* End PBXCopyFilesBuildPhase section */

/* Begin PBXFileReference section */
		54BE6B4E24FBAFF2005D9D82 /* ARPaint.app */ = {isa = PBXFileReference; explicitFileType = wrapper.application; includeInIndex = 0; path = ARPaint.app; sourceTree = BUILT_PRODUCTS_DIR; };
		54BE6B5124FBAFF2005D9D82 /* AppDelegate.swift */ = {isa = PBXFileReference; lastKnownFileType = sourcecode.swift; path = AppDelegate.swift; sourceTree = "<group>"; };
		54BE6B5B24FBAFF2005D9D82 /* Base */ = {isa = PBXFileReference; lastKnownFileType = file.storyboard; name = Base; path = Base.lproj/Main.storyboard; sourceTree = "<group>"; };
		54BE6B5D24FBAFF4005D9D82 /* Assets.xcassets */ = {isa = PBXFileReference; lastKnownFileType = folder.assetcatalog; path = Assets.xcassets; sourceTree = "<group>"; };
		54BE6B6024FBAFF4005D9D82 /* Base */ = {isa = PBXFileReference; lastKnownFileType = file.storyboard; name = Base; path = Base.lproj/LaunchScreen.storyboard; sourceTree = "<group>"; };
		54BE6B6224FBAFF4005D9D82 /* Info.plist */ = {isa = PBXFileReference; lastKnownFileType = text.plist.xml; path = Info.plist; sourceTree = "<group>"; };
		54BE6B6324FBAFF4005D9D82 /* ARPaint-Bridging-Header.h */ = {isa = PBXFileReference; lastKnownFileType = sourcecode.c.h; path = "ARPaint-Bridging-Header.h"; sourceTree = "<group>"; };
		54BE6B6824FBAFF4005D9D82 /* ARPaintTests.xctest */ = {isa = PBXFileReference; explicitFileType = wrapper.cfbundle; includeInIndex = 0; path = ARPaintTests.xctest; sourceTree = BUILT_PRODUCTS_DIR; };
		54BE6B6C24FBAFF4005D9D82 /* ARPaintTests.swift */ = {isa = PBXFileReference; lastKnownFileType = sourcecode.swift; path = ARPaintTests.swift; sourceTree = "<group>"; };
		54BE6B6E24FBAFF4005D9D82 /* Info.plist */ = {isa = PBXFileReference; lastKnownFileType = text.plist.xml; path = Info.plist; sourceTree = "<group>"; };
		54BE6B7C24FBB010005D9D82 /* DCColor.framework */ = {isa = PBXFileReference; explicitFileType = wrapper.framework; includeInIndex = 0; path = DCColor.framework; sourceTree = BUILT_PRODUCTS_DIR; };
		54BE6B7E24FBB010005D9D82 /* DCColor.h */ = {isa = PBXFileReference; lastKnownFileType = sourcecode.c.h; path = DCColor.h; sourceTree = "<group>"; };
		54BE6B7F24FBB010005D9D82 /* Info.plist */ = {isa = PBXFileReference; lastKnownFileType = text.plist.xml; path = Info.plist; sourceTree = "<group>"; };
		54BE6B8424FBB010005D9D82 /* DCColorTests.xctest */ = {isa = PBXFileReference; explicitFileType = wrapper.cfbundle; includeInIndex = 0; path = DCColorTests.xctest; sourceTree = BUILT_PRODUCTS_DIR; };
		54BE6B8B24FBB010005D9D82 /* DCColorTests.swift */ = {isa = PBXFileReference; lastKnownFileType = sourcecode.swift; path = DCColorTests.swift; sourceTree = "<group>"; };
		54BE6B8D24FBB010005D9D82 /* Info.plist */ = {isa = PBXFileReference; lastKnownFileType = text.plist.xml; path = Info.plist; sourceTree = "<group>"; };
		54BE6B9A24FBB103005D9D82 /* CGPointExtension.swift */ = {isa = PBXFileReference; fileEncoding = 4; lastKnownFileType = sourcecode.swift; path = CGPointExtension.swift; sourceTree = "<group>"; };
		54BE6B9B24FBB103005D9D82 /* CGContextExtension.swift */ = {isa = PBXFileReference; fileEncoding = 4; lastKnownFileType = sourcecode.swift; path = CGContextExtension.swift; sourceTree = "<group>"; };
		54BE6B9C24FBB103005D9D82 /* DCHueCircleControl.swift */ = {isa = PBXFileReference; fileEncoding = 4; lastKnownFileType = sourcecode.swift; path = DCHueCircleControl.swift; sourceTree = "<group>"; };
		54BE6B9D24FBB103005D9D82 /* PixelStructs.swift */ = {isa = PBXFileReference; fileEncoding = 4; lastKnownFileType = sourcecode.swift; path = PixelStructs.swift; sourceTree = "<group>"; };
		54BE6B9E24FBB103005D9D82 /* CGRectExtension.swift */ = {isa = PBXFileReference; fileEncoding = 4; lastKnownFileType = sourcecode.swift; path = CGRectExtension.swift; sourceTree = "<group>"; };
		54BE6B9F24FBB103005D9D82 /* DCColorControl.swift */ = {isa = PBXFileReference; fileEncoding = 4; lastKnownFileType = sourcecode.swift; path = DCColorControl.swift; sourceTree = "<group>"; };
		54BE6BA024FBB103005D9D82 /* RGBColor.swift */ = {isa = PBXFileReference; fileEncoding = 4; lastKnownFileType = sourcecode.swift; path = RGBColor.swift; sourceTree = "<group>"; };
		54BE6BA124FBB103005D9D82 /* DCSwatch.swift */ = {isa = PBXFileReference; fileEncoding = 4; lastKnownFileType = sourcecode.swift; path = DCSwatch.swift; sourceTree = "<group>"; };
		54BE6BA224FBB103005D9D82 /* DCSwatchButton.swift */ = {isa = PBXFileReference; fileEncoding = 4; lastKnownFileType = sourcecode.swift; path = DCSwatchButton.swift; sourceTree = "<group>"; };
		54BE6BA324FBB103005D9D82 /* Color.swift */ = {isa = PBXFileReference; fileEncoding = 4; lastKnownFileType = sourcecode.swift; path = Color.swift; sourceTree = "<group>"; };
		54BE6BA424FBB103005D9D82 /* HSBColor.swift */ = {isa = PBXFileReference; fileEncoding = 4; lastKnownFileType = sourcecode.swift; path = HSBColor.swift; sourceTree = "<group>"; };
		54BE6BA524FBB103005D9D82 /* mapRange.swift */ = {isa = PBXFileReference; fileEncoding = 4; lastKnownFileType = sourcecode.swift; path = mapRange.swift; sourceTree = "<group>"; };
		54BE6BA624FBB103005D9D82 /* utilities.swift */ = {isa = PBXFileReference; fileEncoding = 4; lastKnownFileType = sourcecode.swift; path = utilities.swift; sourceTree = "<group>"; };
		54BE6BB924FBB6CF005D9D82 /* ColorControl+rx.swift */ = {isa = PBXFileReference; fileEncoding = 4; lastKnownFileType = sourcecode.swift; path = "ColorControl+rx.swift"; sourceTree = "<group>"; };
		54BE6BBA24FBB6CF005D9D82 /* PaintViewController.swift */ = {isa = PBXFileReference; fileEncoding = 4; lastKnownFileType = sourcecode.swift; path = PaintViewController.swift; sourceTree = "<group>"; };
		54BE6BBB24FBB6CF005D9D82 /* PaintGestureRecognizer.swift */ = {isa = PBXFileReference; fileEncoding = 4; lastKnownFileType = sourcecode.swift; path = PaintGestureRecognizer.swift; sourceTree = "<group>"; };
		54BE6BBC24FBB6CF005D9D82 /* PaintViewModel.swift */ = {isa = PBXFileReference; fileEncoding = 4; lastKnownFileType = sourcecode.swift; path = PaintViewModel.swift; sourceTree = "<group>"; };
		54BE6BBD24FBB6CF005D9D82 /* Util.swift */ = {isa = PBXFileReference; fileEncoding = 4; lastKnownFileType = sourcecode.swift; path = Util.swift; sourceTree = "<group>"; };
		54BE6BC424FBB6F1005D9D82 /* Noise.metal */ = {isa = PBXFileReference; fileEncoding = 4; lastKnownFileType = sourcecode.metal; path = Noise.metal; sourceTree = "<group>"; };
		54BE6BC524FBB6F1005D9D82 /* Noise.h */ = {isa = PBXFileReference; fileEncoding = 4; lastKnownFileType = sourcecode.c.h; path = Noise.h; sourceTree = "<group>"; };
		54BE6BC624FBB6F1005D9D82 /* ARMetalDrawable.swift */ = {isa = PBXFileReference; fileEncoding = 4; lastKnownFileType = sourcecode.swift; path = ARMetalDrawable.swift; sourceTree = "<group>"; };
		54BE6BC724FBB6F1005D9D82 /* Shaders.metal */ = {isa = PBXFileReference; fileEncoding = 4; lastKnownFileType = sourcecode.metal; path = Shaders.metal; sourceTree = "<group>"; };
		54BE6BC824FBB6F1005D9D82 /* Points.swift */ = {isa = PBXFileReference; fileEncoding = 4; lastKnownFileType = sourcecode.swift; path = Points.swift; sourceTree = "<group>"; };
		54BE6BC924FBB6F1005D9D82 /* Cubes.swift */ = {isa = PBXFileReference; fileEncoding = 4; lastKnownFileType = sourcecode.swift; path = Cubes.swift; sourceTree = "<group>"; };
		54BE6BCA24FBB6F1005D9D82 /* ShaderTypes.h */ = {isa = PBXFileReference; fileEncoding = 4; lastKnownFileType = sourcecode.c.h; path = ShaderTypes.h; sourceTree = "<group>"; };
		54BE6BCB24FBB6F1005D9D82 /* CapturedImage.swift */ = {isa = PBXFileReference; fileEncoding = 4; lastKnownFileType = sourcecode.swift; path = CapturedImage.swift; sourceTree = "<group>"; };
		54BE6BCC24FBB6F1005D9D82 /* Renderer.swift */ = {isa = PBXFileReference; fileEncoding = 4; lastKnownFileType = sourcecode.swift; path = Renderer.swift; sourceTree = "<group>"; };
		54BE6BD424FBB87C005D9D82 /* RGBColor+simd.swift */ = {isa = PBXFileReference; fileEncoding = 4; lastKnownFileType = sourcecode.swift; path = "RGBColor+simd.swift"; sourceTree = "<group>"; };
/* End PBXFileReference section */

/* Begin PBXFrameworksBuildPhase section */
		54BE6B4B24FBAFF2005D9D82 /* Frameworks */ = {
			isa = PBXFrameworksBuildPhase;
			buildActionMask = 2147483647;
			files = (
				54BE6BB824FBB63C005D9D82 /* RxCocoa in Frameworks */,
				54BE6BB624FBB63C005D9D82 /* RxSwift in Frameworks */,
				54BE6B9124FBB010005D9D82 /* DCColor.framework in Frameworks */,
			);
			runOnlyForDeploymentPostprocessing = 0;
		};
		54BE6B6524FBAFF4005D9D82 /* Frameworks */ = {
			isa = PBXFrameworksBuildPhase;
			buildActionMask = 2147483647;
			files = (
			);
			runOnlyForDeploymentPostprocessing = 0;
		};
		54BE6B7924FBB010005D9D82 /* Frameworks */ = {
			isa = PBXFrameworksBuildPhase;
			buildActionMask = 2147483647;
			files = (
			);
			runOnlyForDeploymentPostprocessing = 0;
		};
		54BE6B8124FBB010005D9D82 /* Frameworks */ = {
			isa = PBXFrameworksBuildPhase;
			buildActionMask = 2147483647;
			files = (
				54BE6B8524FBB010005D9D82 /* DCColor.framework in Frameworks */,
			);
			runOnlyForDeploymentPostprocessing = 0;
		};
/* End PBXFrameworksBuildPhase section */

/* Begin PBXGroup section */
		54BE6B4524FBAFF2005D9D82 = {
			isa = PBXGroup;
			children = (
				54BE6B5024FBAFF2005D9D82 /* ARPaint */,
				54BE6B6B24FBAFF4005D9D82 /* ARPaintTests */,
				54BE6B7D24FBB010005D9D82 /* DCColor */,
				54BE6B8A24FBB010005D9D82 /* DCColorTests */,
				54BE6B4F24FBAFF2005D9D82 /* Products */,
			);
			sourceTree = "<group>";
		};
		54BE6B4F24FBAFF2005D9D82 /* Products */ = {
			isa = PBXGroup;
			children = (
				54BE6B4E24FBAFF2005D9D82 /* ARPaint.app */,
				54BE6B6824FBAFF4005D9D82 /* ARPaintTests.xctest */,
				54BE6B7C24FBB010005D9D82 /* DCColor.framework */,
				54BE6B8424FBB010005D9D82 /* DCColorTests.xctest */,
			);
			name = Products;
			sourceTree = "<group>";
		};
		54BE6B5024FBAFF2005D9D82 /* ARPaint */ = {
			isa = PBXGroup;
			children = (
				54BE6B5124FBAFF2005D9D82 /* AppDelegate.swift */,
				54BE6BB924FBB6CF005D9D82 /* ColorControl+rx.swift */,
				54BE6BBB24FBB6CF005D9D82 /* PaintGestureRecognizer.swift */,
				54BE6BBA24FBB6CF005D9D82 /* PaintViewController.swift */,
				54BE6BBC24FBB6CF005D9D82 /* PaintViewModel.swift */,
				54BE6BBD24FBB6CF005D9D82 /* Util.swift */,
				54BE6BC324FBB6F1005D9D82 /* Metal */,
				54BE6B5A24FBAFF2005D9D82 /* Main.storyboard */,
				54BE6B5D24FBAFF4005D9D82 /* Assets.xcassets */,
				54BE6B5F24FBAFF4005D9D82 /* LaunchScreen.storyboard */,
				54BE6B6224FBAFF4005D9D82 /* Info.plist */,
				54BE6B6324FBAFF4005D9D82 /* ARPaint-Bridging-Header.h */,
			);
			path = ARPaint;
			sourceTree = "<group>";
		};
		54BE6B6B24FBAFF4005D9D82 /* ARPaintTests */ = {
			isa = PBXGroup;
			children = (
				54BE6B6C24FBAFF4005D9D82 /* ARPaintTests.swift */,
				54BE6B6E24FBAFF4005D9D82 /* Info.plist */,
			);
			path = ARPaintTests;
			sourceTree = "<group>";
		};
		54BE6B7D24FBB010005D9D82 /* DCColor */ = {
			isa = PBXGroup;
			children = (
				54BE6BD424FBB87C005D9D82 /* RGBColor+simd.swift */,
				54BE6B9B24FBB103005D9D82 /* CGContextExtension.swift */,
				54BE6B9A24FBB103005D9D82 /* CGPointExtension.swift */,
				54BE6B9E24FBB103005D9D82 /* CGRectExtension.swift */,
				54BE6BA324FBB103005D9D82 /* Color.swift */,
				54BE6B9F24FBB103005D9D82 /* DCColorControl.swift */,
				54BE6B9C24FBB103005D9D82 /* DCHueCircleControl.swift */,
				54BE6BA124FBB103005D9D82 /* DCSwatch.swift */,
				54BE6BA224FBB103005D9D82 /* DCSwatchButton.swift */,
				54BE6BA424FBB103005D9D82 /* HSBColor.swift */,
				54BE6BA524FBB103005D9D82 /* mapRange.swift */,
				54BE6B9D24FBB103005D9D82 /* PixelStructs.swift */,
				54BE6BA024FBB103005D9D82 /* RGBColor.swift */,
				54BE6BA624FBB103005D9D82 /* utilities.swift */,
				54BE6B7E24FBB010005D9D82 /* DCColor.h */,
				54BE6B7F24FBB010005D9D82 /* Info.plist */,
			);
			path = DCColor;
			sourceTree = "<group>";
		};
		54BE6B8A24FBB010005D9D82 /* DCColorTests */ = {
			isa = PBXGroup;
			children = (
				54BE6B8B24FBB010005D9D82 /* DCColorTests.swift */,
				54BE6B8D24FBB010005D9D82 /* Info.plist */,
			);
			path = DCColorTests;
			sourceTree = "<group>";
		};
		54BE6BC324FBB6F1005D9D82 /* Metal */ = {
			isa = PBXGroup;
			children = (
				54BE6BC424FBB6F1005D9D82 /* Noise.metal */,
				54BE6BC524FBB6F1005D9D82 /* Noise.h */,
				54BE6BC624FBB6F1005D9D82 /* ARMetalDrawable.swift */,
				54BE6BC724FBB6F1005D9D82 /* Shaders.metal */,
				54BE6BC824FBB6F1005D9D82 /* Points.swift */,
				54BE6BC924FBB6F1005D9D82 /* Cubes.swift */,
				54BE6BCA24FBB6F1005D9D82 /* ShaderTypes.h */,
				54BE6BCB24FBB6F1005D9D82 /* CapturedImage.swift */,
				54BE6BCC24FBB6F1005D9D82 /* Renderer.swift */,
			);
			path = Metal;
			sourceTree = "<group>";
		};
/* End PBXGroup section */

/* Begin PBXHeadersBuildPhase section */
		54BE6B7724FBB010005D9D82 /* Headers */ = {
			isa = PBXHeadersBuildPhase;
			buildActionMask = 2147483647;
			files = (
				54BE6B8E24FBB010005D9D82 /* DCColor.h in Headers */,
			);
			runOnlyForDeploymentPostprocessing = 0;
		};
/* End PBXHeadersBuildPhase section */

/* Begin PBXNativeTarget section */
		54BE6B4D24FBAFF2005D9D82 /* ARPaint */ = {
			isa = PBXNativeTarget;
			buildConfigurationList = 54BE6B7124FBAFF4005D9D82 /* Build configuration list for PBXNativeTarget "ARPaint" */;
			buildPhases = (
				54BE6B4A24FBAFF2005D9D82 /* Sources */,
				54BE6B4B24FBAFF2005D9D82 /* Frameworks */,
				54BE6B4C24FBAFF2005D9D82 /* Resources */,
				54BE6B9624FBB010005D9D82 /* Embed Frameworks */,
			);
			buildRules = (
			);
			dependencies = (
				54BE6B9024FBB010005D9D82 /* PBXTargetDependency */,
			);
			name = ARPaint;
			packageProductDependencies = (
				54BE6BB524FBB63C005D9D82 /* RxSwift */,
				54BE6BB724FBB63C005D9D82 /* RxCocoa */,
			);
			productName = ARPaint;
			productReference = 54BE6B4E24FBAFF2005D9D82 /* ARPaint.app */;
			productType = "com.apple.product-type.application";
		};
		54BE6B6724FBAFF4005D9D82 /* ARPaintTests */ = {
			isa = PBXNativeTarget;
			buildConfigurationList = 54BE6B7424FBAFF4005D9D82 /* Build configuration list for PBXNativeTarget "ARPaintTests" */;
			buildPhases = (
				54BE6B6424FBAFF4005D9D82 /* Sources */,
				54BE6B6524FBAFF4005D9D82 /* Frameworks */,
				54BE6B6624FBAFF4005D9D82 /* Resources */,
			);
			buildRules = (
			);
			dependencies = (
				54BE6B6A24FBAFF4005D9D82 /* PBXTargetDependency */,
			);
			name = ARPaintTests;
			productName = ARPaintTests;
			productReference = 54BE6B6824FBAFF4005D9D82 /* ARPaintTests.xctest */;
			productType = "com.apple.product-type.bundle.unit-test";
		};
		54BE6B7B24FBB010005D9D82 /* DCColor */ = {
			isa = PBXNativeTarget;
			buildConfigurationList = 54BE6B9324FBB010005D9D82 /* Build configuration list for PBXNativeTarget "DCColor" */;
			buildPhases = (
				54BE6B7724FBB010005D9D82 /* Headers */,
				54BE6B7824FBB010005D9D82 /* Sources */,
				54BE6B7924FBB010005D9D82 /* Frameworks */,
				54BE6B7A24FBB010005D9D82 /* Resources */,
			);
			buildRules = (
			);
			dependencies = (
			);
			name = DCColor;
			productName = DCColor;
			productReference = 54BE6B7C24FBB010005D9D82 /* DCColor.framework */;
			productType = "com.apple.product-type.framework";
		};
		54BE6B8324FBB010005D9D82 /* DCColorTests */ = {
			isa = PBXNativeTarget;
			buildConfigurationList = 54BE6B9724FBB010005D9D82 /* Build configuration list for PBXNativeTarget "DCColorTests" */;
			buildPhases = (
				54BE6B8024FBB010005D9D82 /* Sources */,
				54BE6B8124FBB010005D9D82 /* Frameworks */,
				54BE6B8224FBB010005D9D82 /* Resources */,
			);
			buildRules = (
			);
			dependencies = (
				54BE6B8724FBB010005D9D82 /* PBXTargetDependency */,
				54BE6B8924FBB010005D9D82 /* PBXTargetDependency */,
			);
			name = DCColorTests;
			productName = DCColorTests;
			productReference = 54BE6B8424FBB010005D9D82 /* DCColorTests.xctest */;
			productType = "com.apple.product-type.bundle.unit-test";
		};
/* End PBXNativeTarget section */

/* Begin PBXProject section */
		54BE6B4624FBAFF2005D9D82 /* Project object */ = {
			isa = PBXProject;
			attributes = {
				LastSwiftUpdateCheck = 1150;
				LastUpgradeCheck = 1150;
				ORGANIZATIONNAME = "David Crooks";
				TargetAttributes = {
					54BE6B4D24FBAFF2005D9D82 = {
						CreatedOnToolsVersion = 11.5;
					};
					54BE6B6724FBAFF4005D9D82 = {
						CreatedOnToolsVersion = 11.5;
						TestTargetID = 54BE6B4D24FBAFF2005D9D82;
					};
					54BE6B7B24FBB010005D9D82 = {
						CreatedOnToolsVersion = 11.5;
						LastSwiftMigration = 1150;
					};
					54BE6B8324FBB010005D9D82 = {
						CreatedOnToolsVersion = 11.5;
						TestTargetID = 54BE6B4D24FBAFF2005D9D82;
					};
				};
			};
			buildConfigurationList = 54BE6B4924FBAFF2005D9D82 /* Build configuration list for PBXProject "ARPaint" */;
			compatibilityVersion = "Xcode 9.3";
			developmentRegion = en;
			hasScannedForEncodings = 0;
			knownRegions = (
				en,
				Base,
			);
			mainGroup = 54BE6B4524FBAFF2005D9D82;
			packageReferences = (
				54BE6BB424FBB63C005D9D82 /* XCRemoteSwiftPackageReference "RxSwift" */,
			);
			productRefGroup = 54BE6B4F24FBAFF2005D9D82 /* Products */;
			projectDirPath = "";
			projectRoot = "";
			targets = (
				54BE6B4D24FBAFF2005D9D82 /* ARPaint */,
				54BE6B6724FBAFF4005D9D82 /* ARPaintTests */,
				54BE6B7B24FBB010005D9D82 /* DCColor */,
				54BE6B8324FBB010005D9D82 /* DCColorTests */,
			);
		};
/* End PBXProject section */

/* Begin PBXResourcesBuildPhase section */
		54BE6B4C24FBAFF2005D9D82 /* Resources */ = {
			isa = PBXResourcesBuildPhase;
			buildActionMask = 2147483647;
			files = (
				54BE6B6124FBAFF4005D9D82 /* LaunchScreen.storyboard in Resources */,
				54BE6B5E24FBAFF4005D9D82 /* Assets.xcassets in Resources */,
				54BE6B5C24FBAFF2005D9D82 /* Main.storyboard in Resources */,
			);
			runOnlyForDeploymentPostprocessing = 0;
		};
		54BE6B6624FBAFF4005D9D82 /* Resources */ = {
			isa = PBXResourcesBuildPhase;
			buildActionMask = 2147483647;
			files = (
			);
			runOnlyForDeploymentPostprocessing = 0;
		};
		54BE6B7A24FBB010005D9D82 /* Resources */ = {
			isa = PBXResourcesBuildPhase;
			buildActionMask = 2147483647;
			files = (
			);
			runOnlyForDeploymentPostprocessing = 0;
		};
		54BE6B8224FBB010005D9D82 /* Resources */ = {
			isa = PBXResourcesBuildPhase;
			buildActionMask = 2147483647;
			files = (
			);
			runOnlyForDeploymentPostprocessing = 0;
		};
/* End PBXResourcesBuildPhase section */

/* Begin PBXSourcesBuildPhase section */
		54BE6B4A24FBAFF2005D9D82 /* Sources */ = {
			isa = PBXSourcesBuildPhase;
			buildActionMask = 2147483647;
			files = (
				54BE6BCE24FBB6F2005D9D82 /* ARMetalDrawable.swift in Sources */,
				54BE6BD224FBB6F2005D9D82 /* CapturedImage.swift in Sources */,
				54BE6BD124FBB6F2005D9D82 /* Cubes.swift in Sources */,
				54BE6BBE24FBB6CF005D9D82 /* ColorControl+rx.swift in Sources */,
				54BE6BC224FBB6CF005D9D82 /* Util.swift in Sources */,
				54BE6BD324FBB6F2005D9D82 /* Renderer.swift in Sources */,
				54BE6BCD24FBB6F2005D9D82 /* Noise.metal in Sources */,
				54BE6BBF24FBB6CF005D9D82 /* PaintViewController.swift in Sources */,
				54BE6BC024FBB6CF005D9D82 /* PaintGestureRecognizer.swift in Sources */,
				54BE6BCF24FBB6F2005D9D82 /* Shaders.metal in Sources */,
				54BE6B5224FBAFF2005D9D82 /* AppDelegate.swift in Sources */,
				54BE6BD024FBB6F2005D9D82 /* Points.swift in Sources */,
				54BE6BC124FBB6CF005D9D82 /* PaintViewModel.swift in Sources */,
			);
			runOnlyForDeploymentPostprocessing = 0;
		};
		54BE6B6424FBAFF4005D9D82 /* Sources */ = {
			isa = PBXSourcesBuildPhase;
			buildActionMask = 2147483647;
			files = (
				54BE6B6D24FBAFF4005D9D82 /* ARPaintTests.swift in Sources */,
			);
			runOnlyForDeploymentPostprocessing = 0;
		};
		54BE6B7824FBB010005D9D82 /* Sources */ = {
			isa = PBXSourcesBuildPhase;
			buildActionMask = 2147483647;
			files = (
				54BE6BB224FBB103005D9D82 /* mapRange.swift in Sources */,
				54BE6BAB24FBB103005D9D82 /* CGRectExtension.swift in Sources */,
				54BE6BD524FBB87C005D9D82 /* RGBColor+simd.swift in Sources */,
				54BE6BA724FBB103005D9D82 /* CGPointExtension.swift in Sources */,
				54BE6BB324FBB103005D9D82 /* utilities.swift in Sources */,
				54BE6BAE24FBB103005D9D82 /* DCSwatch.swift in Sources */,
				54BE6BB024FBB103005D9D82 /* Color.swift in Sources */,
				54BE6BAC24FBB103005D9D82 /* DCColorControl.swift in Sources */,
				54BE6BAD24FBB103005D9D82 /* RGBColor.swift in Sources */,
				54BE6BAF24FBB103005D9D82 /* DCSwatchButton.swift in Sources */,
				54BE6BA924FBB103005D9D82 /* DCHueCircleControl.swift in Sources */,
				54BE6BA824FBB103005D9D82 /* CGContextExtension.swift in Sources */,
				54BE6BB124FBB103005D9D82 /* HSBColor.swift in Sources */,
				54BE6BAA24FBB103005D9D82 /* PixelStructs.swift in Sources */,
			);
			runOnlyForDeploymentPostprocessing = 0;
		};
		54BE6B8024FBB010005D9D82 /* Sources */ = {
			isa = PBXSourcesBuildPhase;
			buildActionMask = 2147483647;
			files = (
				54BE6B8C24FBB010005D9D82 /* DCColorTests.swift in Sources */,
			);
			runOnlyForDeploymentPostprocessing = 0;
		};
/* End PBXSourcesBuildPhase section */

/* Begin PBXTargetDependency section */
		54BE6B6A24FBAFF4005D9D82 /* PBXTargetDependency */ = {
			isa = PBXTargetDependency;
			target = 54BE6B4D24FBAFF2005D9D82 /* ARPaint */;
			targetProxy = 54BE6B6924FBAFF4005D9D82 /* PBXContainerItemProxy */;
		};
		54BE6B8724FBB010005D9D82 /* PBXTargetDependency */ = {
			isa = PBXTargetDependency;
			target = 54BE6B7B24FBB010005D9D82 /* DCColor */;
			targetProxy = 54BE6B8624FBB010005D9D82 /* PBXContainerItemProxy */;
		};
		54BE6B8924FBB010005D9D82 /* PBXTargetDependency */ = {
			isa = PBXTargetDependency;
			target = 54BE6B4D24FBAFF2005D9D82 /* ARPaint */;
			targetProxy = 54BE6B8824FBB010005D9D82 /* PBXContainerItemProxy */;
		};
		54BE6B9024FBB010005D9D82 /* PBXTargetDependency */ = {
			isa = PBXTargetDependency;
			target = 54BE6B7B24FBB010005D9D82 /* DCColor */;
			targetProxy = 54BE6B8F24FBB010005D9D82 /* PBXContainerItemProxy */;
		};
/* End PBXTargetDependency section */

/* Begin PBXVariantGroup section */
		54BE6B5A24FBAFF2005D9D82 /* Main.storyboard */ = {
			isa = PBXVariantGroup;
			children = (
				54BE6B5B24FBAFF2005D9D82 /* Base */,
			);
			name = Main.storyboard;
			sourceTree = "<group>";
		};
		54BE6B5F24FBAFF4005D9D82 /* LaunchScreen.storyboard */ = {
			isa = PBXVariantGroup;
			children = (
				54BE6B6024FBAFF4005D9D82 /* Base */,
			);
			name = LaunchScreen.storyboard;
			sourceTree = "<group>";
		};
/* End PBXVariantGroup section */

/* Begin XCBuildConfiguration section */
		54BE6B6F24FBAFF4005D9D82 /* Debug */ = {
			isa = XCBuildConfiguration;
			buildSettings = {
				ALWAYS_SEARCH_USER_PATHS = NO;
				CLANG_ANALYZER_NONNULL = YES;
				CLANG_ANALYZER_NUMBER_OBJECT_CONVERSION = YES_AGGRESSIVE;
				CLANG_CXX_LANGUAGE_STANDARD = "gnu++14";
				CLANG_CXX_LIBRARY = "libc++";
				CLANG_ENABLE_MODULES = YES;
				CLANG_ENABLE_OBJC_ARC = YES;
				CLANG_ENABLE_OBJC_WEAK = YES;
				CLANG_WARN_BLOCK_CAPTURE_AUTORELEASING = YES;
				CLANG_WARN_BOOL_CONVERSION = YES;
				CLANG_WARN_COMMA = YES;
				CLANG_WARN_CONSTANT_CONVERSION = YES;
				CLANG_WARN_DEPRECATED_OBJC_IMPLEMENTATIONS = YES;
				CLANG_WARN_DIRECT_OBJC_ISA_USAGE = YES_ERROR;
				CLANG_WARN_DOCUMENTATION_COMMENTS = YES;
				CLANG_WARN_EMPTY_BODY = YES;
				CLANG_WARN_ENUM_CONVERSION = YES;
				CLANG_WARN_INFINITE_RECURSION = YES;
				CLANG_WARN_INT_CONVERSION = YES;
				CLANG_WARN_NON_LITERAL_NULL_CONVERSION = YES;
				CLANG_WARN_OBJC_IMPLICIT_RETAIN_SELF = YES;
				CLANG_WARN_OBJC_LITERAL_CONVERSION = YES;
				CLANG_WARN_OBJC_ROOT_CLASS = YES_ERROR;
				CLANG_WARN_RANGE_LOOP_ANALYSIS = YES;
				CLANG_WARN_STRICT_PROTOTYPES = YES;
				CLANG_WARN_SUSPICIOUS_MOVE = YES;
				CLANG_WARN_UNGUARDED_AVAILABILITY = YES_AGGRESSIVE;
				CLANG_WARN_UNREACHABLE_CODE = YES;
				CLANG_WARN__DUPLICATE_METHOD_MATCH = YES;
				COPY_PHASE_STRIP = NO;
				DEBUG_INFORMATION_FORMAT = dwarf;
				ENABLE_STRICT_OBJC_MSGSEND = YES;
				ENABLE_TESTABILITY = YES;
				GCC_C_LANGUAGE_STANDARD = gnu11;
				GCC_DYNAMIC_NO_PIC = NO;
				GCC_NO_COMMON_BLOCKS = YES;
				GCC_OPTIMIZATION_LEVEL = 0;
				GCC_PREPROCESSOR_DEFINITIONS = (
					"DEBUG=1",
					"$(inherited)",
				);
				GCC_WARN_64_TO_32_BIT_CONVERSION = YES;
				GCC_WARN_ABOUT_RETURN_TYPE = YES_ERROR;
				GCC_WARN_UNDECLARED_SELECTOR = YES;
				GCC_WARN_UNINITIALIZED_AUTOS = YES_AGGRESSIVE;
				GCC_WARN_UNUSED_FUNCTION = YES;
				GCC_WARN_UNUSED_VARIABLE = YES;
				IPHONEOS_DEPLOYMENT_TARGET = 13.5;
				MTL_ENABLE_DEBUG_INFO = INCLUDE_SOURCE;
				MTL_FAST_MATH = YES;
				ONLY_ACTIVE_ARCH = YES;
				SDKROOT = iphoneos;
				SWIFT_ACTIVE_COMPILATION_CONDITIONS = DEBUG;
				SWIFT_OPTIMIZATION_LEVEL = "-Onone";
			};
			name = Debug;
		};
		54BE6B7024FBAFF4005D9D82 /* Release */ = {
			isa = XCBuildConfiguration;
			buildSettings = {
				ALWAYS_SEARCH_USER_PATHS = NO;
				CLANG_ANALYZER_NONNULL = YES;
				CLANG_ANALYZER_NUMBER_OBJECT_CONVERSION = YES_AGGRESSIVE;
				CLANG_CXX_LANGUAGE_STANDARD = "gnu++14";
				CLANG_CXX_LIBRARY = "libc++";
				CLANG_ENABLE_MODULES = YES;
				CLANG_ENABLE_OBJC_ARC = YES;
				CLANG_ENABLE_OBJC_WEAK = YES;
				CLANG_WARN_BLOCK_CAPTURE_AUTORELEASING = YES;
				CLANG_WARN_BOOL_CONVERSION = YES;
				CLANG_WARN_COMMA = YES;
				CLANG_WARN_CONSTANT_CONVERSION = YES;
				CLANG_WARN_DEPRECATED_OBJC_IMPLEMENTATIONS = YES;
				CLANG_WARN_DIRECT_OBJC_ISA_USAGE = YES_ERROR;
				CLANG_WARN_DOCUMENTATION_COMMENTS = YES;
				CLANG_WARN_EMPTY_BODY = YES;
				CLANG_WARN_ENUM_CONVERSION = YES;
				CLANG_WARN_INFINITE_RECURSION = YES;
				CLANG_WARN_INT_CONVERSION = YES;
				CLANG_WARN_NON_LITERAL_NULL_CONVERSION = YES;
				CLANG_WARN_OBJC_IMPLICIT_RETAIN_SELF = YES;
				CLANG_WARN_OBJC_LITERAL_CONVERSION = YES;
				CLANG_WARN_OBJC_ROOT_CLASS = YES_ERROR;
				CLANG_WARN_RANGE_LOOP_ANALYSIS = YES;
				CLANG_WARN_STRICT_PROTOTYPES = YES;
				CLANG_WARN_SUSPICIOUS_MOVE = YES;
				CLANG_WARN_UNGUARDED_AVAILABILITY = YES_AGGRESSIVE;
				CLANG_WARN_UNREACHABLE_CODE = YES;
				CLANG_WARN__DUPLICATE_METHOD_MATCH = YES;
				COPY_PHASE_STRIP = NO;
				DEBUG_INFORMATION_FORMAT = "dwarf-with-dsym";
				ENABLE_NS_ASSERTIONS = NO;
				ENABLE_STRICT_OBJC_MSGSEND = YES;
				GCC_C_LANGUAGE_STANDARD = gnu11;
				GCC_NO_COMMON_BLOCKS = YES;
				GCC_WARN_64_TO_32_BIT_CONVERSION = YES;
				GCC_WARN_ABOUT_RETURN_TYPE = YES_ERROR;
				GCC_WARN_UNDECLARED_SELECTOR = YES;
				GCC_WARN_UNINITIALIZED_AUTOS = YES_AGGRESSIVE;
				GCC_WARN_UNUSED_FUNCTION = YES;
				GCC_WARN_UNUSED_VARIABLE = YES;
				IPHONEOS_DEPLOYMENT_TARGET = 13.5;
				MTL_ENABLE_DEBUG_INFO = NO;
				MTL_FAST_MATH = YES;
				SDKROOT = iphoneos;
				SWIFT_COMPILATION_MODE = wholemodule;
				SWIFT_OPTIMIZATION_LEVEL = "-O";
				VALIDATE_PRODUCT = YES;
			};
			name = Release;
		};
		54BE6B7224FBAFF4005D9D82 /* Debug */ = {
			isa = XCBuildConfiguration;
			buildSettings = {
				ALWAYS_EMBED_SWIFT_STANDARD_LIBRARIES = YES;
				ASSETCATALOG_COMPILER_APPICON_NAME = AppIcon;
				CODE_SIGN_STYLE = Automatic;
				DEVELOPMENT_TEAM = 84Y3R5UC5Q;
				INFOPLIST_FILE = ARPaint/Info.plist;
				LD_RUNPATH_SEARCH_PATHS = (
					"$(inherited)",
					"@executable_path/Frameworks",
				);
				PRODUCT_BUNDLE_IDENTIFIER = com.crooks.ARPaint;
				PRODUCT_NAME = "$(TARGET_NAME)";
				SWIFT_OBJC_BRIDGING_HEADER = "ARPaint/ARPaint-Bridging-Header.h";
				SWIFT_VERSION = 5.0;
				TARGETED_DEVICE_FAMILY = "1,2";
			};
			name = Debug;
		};
		54BE6B7324FBAFF4005D9D82 /* Release */ = {
			isa = XCBuildConfiguration;
			buildSettings = {
				ALWAYS_EMBED_SWIFT_STANDARD_LIBRARIES = YES;
				ASSETCATALOG_COMPILER_APPICON_NAME = AppIcon;
				CODE_SIGN_STYLE = Automatic;
				DEVELOPMENT_TEAM = 84Y3R5UC5Q;
				INFOPLIST_FILE = ARPaint/Info.plist;
				LD_RUNPATH_SEARCH_PATHS = (
					"$(inherited)",
					"@executable_path/Frameworks",
				);
				PRODUCT_BUNDLE_IDENTIFIER = com.crooks.ARPaint;
				PRODUCT_NAME = "$(TARGET_NAME)";
				SWIFT_OBJC_BRIDGING_HEADER = "ARPaint/ARPaint-Bridging-Header.h";
				SWIFT_VERSION = 5.0;
				TARGETED_DEVICE_FAMILY = "1,2";
			};
			name = Release;
		};
		54BE6B7524FBAFF4005D9D82 /* Debug */ = {
			isa = XCBuildConfiguration;
			buildSettings = {
				ALWAYS_EMBED_SWIFT_STANDARD_LIBRARIES = YES;
				BUNDLE_LOADER = "$(TEST_HOST)";
				CODE_SIGN_STYLE = Automatic;
				DEVELOPMENT_TEAM = 84Y3R5UC5Q;
				INFOPLIST_FILE = ARPaintTests/Info.plist;
				IPHONEOS_DEPLOYMENT_TARGET = 13.5;
				LD_RUNPATH_SEARCH_PATHS = (
					"$(inherited)",
					"@executable_path/Frameworks",
					"@loader_path/Frameworks",
				);
				PRODUCT_BUNDLE_IDENTIFIER = com.crooks.ARPaintTests;
				PRODUCT_NAME = "$(TARGET_NAME)";
				SWIFT_VERSION = 5.0;
				TARGETED_DEVICE_FAMILY = "1,2";
				TEST_HOST = "$(BUILT_PRODUCTS_DIR)/ARPaint.app/ARPaint";
			};
			name = Debug;
		};
		54BE6B7624FBAFF4005D9D82 /* Release */ = {
			isa = XCBuildConfiguration;
			buildSettings = {
				ALWAYS_EMBED_SWIFT_STANDARD_LIBRARIES = YES;
				BUNDLE_LOADER = "$(TEST_HOST)";
				CODE_SIGN_STYLE = Automatic;
				DEVELOPMENT_TEAM = 84Y3R5UC5Q;
				INFOPLIST_FILE = ARPaintTests/Info.plist;
				IPHONEOS_DEPLOYMENT_TARGET = 13.5;
				LD_RUNPATH_SEARCH_PATHS = (
					"$(inherited)",
					"@executable_path/Frameworks",
					"@loader_path/Frameworks",
				);
				PRODUCT_BUNDLE_IDENTIFIER = com.crooks.ARPaintTests;
				PRODUCT_NAME = "$(TARGET_NAME)";
				SWIFT_VERSION = 5.0;
				TARGETED_DEVICE_FAMILY = "1,2";
				TEST_HOST = "$(BUILT_PRODUCTS_DIR)/ARPaint.app/ARPaint";
			};
			name = Release;
		};
		54BE6B9424FBB010005D9D82 /* Debug */ = {
			isa = XCBuildConfiguration;
			buildSettings = {
				CLANG_ENABLE_MODULES = YES;
				CODE_SIGN_STYLE = Automatic;
				CURRENT_PROJECT_VERSION = 1;
				DEFINES_MODULE = YES;
				DEVELOPMENT_TEAM = 84Y3R5UC5Q;
				DYLIB_COMPATIBILITY_VERSION = 1;
				DYLIB_CURRENT_VERSION = 1;
				DYLIB_INSTALL_NAME_BASE = "@rpath";
				INFOPLIST_FILE = DCColor/Info.plist;
				INSTALL_PATH = "$(LOCAL_LIBRARY_DIR)/Frameworks";
				LD_RUNPATH_SEARCH_PATHS = (
					"$(inherited)",
					"@executable_path/Frameworks",
					"@loader_path/Frameworks",
				);
				PRODUCT_BUNDLE_IDENTIFIER = com.crooks.DCColor;
				PRODUCT_NAME = "$(TARGET_NAME:c99extidentifier)";
				SKIP_INSTALL = YES;
				SWIFT_OPTIMIZATION_LEVEL = "-Onone";
				SWIFT_VERSION = 5.0;
				TARGETED_DEVICE_FAMILY = "1,2";
				VERSIONING_SYSTEM = "apple-generic";
				VERSION_INFO_PREFIX = "";
			};
			name = Debug;
		};
		54BE6B9524FBB010005D9D82 /* Release */ = {
			isa = XCBuildConfiguration;
			buildSettings = {
				CLANG_ENABLE_MODULES = YES;
				CODE_SIGN_STYLE = Automatic;
				CURRENT_PROJECT_VERSION = 1;
				DEFINES_MODULE = YES;
				DEVELOPMENT_TEAM = 84Y3R5UC5Q;
				DYLIB_COMPATIBILITY_VERSION = 1;
				DYLIB_CURRENT_VERSION = 1;
				DYLIB_INSTALL_NAME_BASE = "@rpath";
				INFOPLIST_FILE = DCColor/Info.plist;
				INSTALL_PATH = "$(LOCAL_LIBRARY_DIR)/Frameworks";
				LD_RUNPATH_SEARCH_PATHS = (
					"$(inherited)",
					"@executable_path/Frameworks",
					"@loader_path/Frameworks",
				);
				PRODUCT_BUNDLE_IDENTIFIER = com.crooks.DCColor;
				PRODUCT_NAME = "$(TARGET_NAME:c99extidentifier)";
				SKIP_INSTALL = YES;
				SWIFT_VERSION = 5.0;
				TARGETED_DEVICE_FAMILY = "1,2";
				VERSIONING_SYSTEM = "apple-generic";
				VERSION_INFO_PREFIX = "";
			};
			name = Release;
		};
		54BE6B9824FBB010005D9D82 /* Debug */ = {
			isa = XCBuildConfiguration;
			buildSettings = {
				ALWAYS_EMBED_SWIFT_STANDARD_LIBRARIES = YES;
				CODE_SIGN_STYLE = Automatic;
				DEVELOPMENT_TEAM = 84Y3R5UC5Q;
				INFOPLIST_FILE = DCColorTests/Info.plist;
				LD_RUNPATH_SEARCH_PATHS = (
					"$(inherited)",
					"@executable_path/Frameworks",
					"@loader_path/Frameworks",
				);
				PRODUCT_BUNDLE_IDENTIFIER = com.crooks.DCColorTests;
				PRODUCT_NAME = "$(TARGET_NAME)";
				SWIFT_VERSION = 5.0;
				TARGETED_DEVICE_FAMILY = "1,2";
				TEST_HOST = "$(BUILT_PRODUCTS_DIR)/ARPaint.app/ARPaint";
			};
			name = Debug;
		};
		54BE6B9924FBB010005D9D82 /* Release */ = {
			isa = XCBuildConfiguration;
			buildSettings = {
				ALWAYS_EMBED_SWIFT_STANDARD_LIBRARIES = YES;
				CODE_SIGN_STYLE = Automatic;
				DEVELOPMENT_TEAM = 84Y3R5UC5Q;
				INFOPLIST_FILE = DCColorTests/Info.plist;
				LD_RUNPATH_SEARCH_PATHS = (
					"$(inherited)",
					"@executable_path/Frameworks",
					"@loader_path/Frameworks",
				);
				PRODUCT_BUNDLE_IDENTIFIER = com.crooks.DCColorTests;
				PRODUCT_NAME = "$(TARGET_NAME)";
				SWIFT_VERSION = 5.0;
				TARGETED_DEVICE_FAMILY = "1,2";
				TEST_HOST = "$(BUILT_PRODUCTS_DIR)/ARPaint.app/ARPaint";
			};
			name = Release;
		};
/* End XCBuildConfiguration section */

/* Begin XCConfigurationList section */
		54BE6B4924FBAFF2005D9D82 /* Build configuration list for PBXProject "ARPaint" */ = {
			isa = XCConfigurationList;
			buildConfigurations = (
				54BE6B6F24FBAFF4005D9D82 /* Debug */,
				54BE6B7024FBAFF4005D9D82 /* Release */,
			);
			defaultConfigurationIsVisible = 0;
			defaultConfigurationName = Release;
		};
		54BE6B7124FBAFF4005D9D82 /* Build configuration list for PBXNativeTarget "ARPaint" */ = {
			isa = XCConfigurationList;
			buildConfigurations = (
				54BE6B7224FBAFF4005D9D82 /* Debug */,
				54BE6B7324FBAFF4005D9D82 /* Release */,
			);
			defaultConfigurationIsVisible = 0;
			defaultConfigurationName = Release;
		};
		54BE6B7424FBAFF4005D9D82 /* Build configuration list for PBXNativeTarget "ARPaintTests" */ = {
			isa = XCConfigurationList;
			buildConfigurations = (
				54BE6B7524FBAFF4005D9D82 /* Debug */,
				54BE6B7624FBAFF4005D9D82 /* Release */,
			);
			defaultConfigurationIsVisible = 0;
			defaultConfigurationName = Release;
		};
		54BE6B9324FBB010005D9D82 /* Build configuration list for PBXNativeTarget "DCColor" */ = {
			isa = XCConfigurationList;
			buildConfigurations = (
				54BE6B9424FBB010005D9D82 /* Debug */,
				54BE6B9524FBB010005D9D82 /* Release */,
			);
			defaultConfigurationIsVisible = 0;
			defaultConfigurationName = Release;
		};
		54BE6B9724FBB010005D9D82 /* Build configuration list for PBXNativeTarget "DCColorTests" */ = {
			isa = XCConfigurationList;
			buildConfigurations = (
				54BE6B9824FBB010005D9D82 /* Debug */,
				54BE6B9924FBB010005D9D82 /* Release */,
			);
			defaultConfigurationIsVisible = 0;
			defaultConfigurationName = Release;
		};
/* End XCConfigurationList section */

/* Begin XCRemoteSwiftPackageReference section */
		54BE6BB424FBB63C005D9D82 /* XCRemoteSwiftPackageReference "RxSwift" */ = {
			isa = XCRemoteSwiftPackageReference;
			repositoryURL = "https://github.com/ReactiveX/RxSwift.git";
			requirement = {
				kind = upToNextMajorVersion;
				minimumVersion = 5.1.1;
			};
		};
/* End XCRemoteSwiftPackageReference section */

/* Begin XCSwiftPackageProductDependency section */
		54BE6BB524FBB63C005D9D82 /* RxSwift */ = {
			isa = XCSwiftPackageProductDependency;
			package = 54BE6BB424FBB63C005D9D82 /* XCRemoteSwiftPackageReference "RxSwift" */;
			productName = RxSwift;
		};
		54BE6BB724FBB63C005D9D82 /* RxCocoa */ = {
			isa = XCSwiftPackageProductDependency;
			package = 54BE6BB424FBB63C005D9D82 /* XCRemoteSwiftPackageReference "RxSwift" */;
			productName = RxCocoa;
		};
/* End XCSwiftPackageProductDependency section */
	};
	rootObject = 54BE6B4624FBAFF2005D9D82 /* Project object */;
}
