// !$*UTF8*$!
{
	archiveVersion = 1;
	classes = {
	};
	objectVersion = 50;
	objects = {

/* Begin PBXBuildFile section */
		540D4E4A2216E30600EA4F11 /* AppDelegate.swift in Sources */ = {isa = PBXBuildFile; fileRef = 540D4E492216E30600EA4F11 /* AppDelegate.swift */; };
		540D4E4C2216E30600EA4F11 /* Shaders.metal in Sources */ = {isa = PBXBuildFile; fileRef = 540D4E4B2216E30600EA4F11 /* Shaders.metal */; };
		540D4E4F2216E30600EA4F11 /* Renderer.swift in Sources */ = {isa = PBXBuildFile; fileRef = 540D4E4E2216E30600EA4F11 /* Renderer.swift */; };
		540D4E512216E30600EA4F11 /* ViewController.swift in Sources */ = {isa = PBXBuildFile; fileRef = 540D4E502216E30600EA4F11 /* ViewController.swift */; };
		540D4E542216E30600EA4F11 /* Main.storyboard in Resources */ = {isa = PBXBuildFile; fileRef = 540D4E522216E30600EA4F11 /* Main.storyboard */; };
		540D4E562216E30700EA4F11 /* Assets.xcassets in Resources */ = {isa = PBXBuildFile; fileRef = 540D4E552216E30700EA4F11 /* Assets.xcassets */; };
		540D4E592216E30700EA4F11 /* LaunchScreen.storyboard in Resources */ = {isa = PBXBuildFile; fileRef = 540D4E572216E30700EA4F11 /* LaunchScreen.storyboard */; };
		540D4E652216E30700EA4F11 /* ARPaintTests.swift in Sources */ = {isa = PBXBuildFile; fileRef = 540D4E642216E30700EA4F11 /* ARPaintTests.swift */; };
		540D4E702216E30700EA4F11 /* ARPaintUITests.swift in Sources */ = {isa = PBXBuildFile; fileRef = 540D4E6F2216E30700EA4F11 /* ARPaintUITests.swift */; };
/* End PBXBuildFile section */

/* Begin PBXContainerItemProxy section */
		540D4E612216E30700EA4F11 /* PBXContainerItemProxy */ = {
			isa = PBXContainerItemProxy;
			containerPortal = 540D4E3E2216E30600EA4F11 /* Project object */;
			proxyType = 1;
			remoteGlobalIDString = 540D4E452216E30600EA4F11;
			remoteInfo = ARPaint;
		};
		540D4E6C2216E30700EA4F11 /* PBXContainerItemProxy */ = {
			isa = PBXContainerItemProxy;
			containerPortal = 540D4E3E2216E30600EA4F11 /* Project object */;
			proxyType = 1;
			remoteGlobalIDString = 540D4E452216E30600EA4F11;
			remoteInfo = ARPaint;
		};
/* End PBXContainerItemProxy section */

/* Begin PBXFileReference section */
		540D4E462216E30600EA4F11 /* ARPaint.app */ = {isa = PBXFileReference; explicitFileType = wrapper.application; includeInIndex = 0; path = ARPaint.app; sourceTree = BUILT_PRODUCTS_DIR; };
		540D4E492216E30600EA4F11 /* AppDelegate.swift */ = {isa = PBXFileReference; lastKnownFileType = sourcecode.swift; path = AppDelegate.swift; sourceTree = "<group>"; };
		540D4E4B2216E30600EA4F11 /* Shaders.metal */ = {isa = PBXFileReference; lastKnownFileType = sourcecode.metal; path = Shaders.metal; sourceTree = "<group>"; };
		540D4E4D2216E30600EA4F11 /* ShaderTypes.h */ = {isa = PBXFileReference; lastKnownFileType = sourcecode.c.h; path = ShaderTypes.h; sourceTree = "<group>"; };
		540D4E4E2216E30600EA4F11 /* Renderer.swift */ = {isa = PBXFileReference; lastKnownFileType = sourcecode.swift; path = Renderer.swift; sourceTree = "<group>"; };
		540D4E502216E30600EA4F11 /* ViewController.swift */ = {isa = PBXFileReference; lastKnownFileType = sourcecode.swift; path = ViewController.swift; sourceTree = "<group>"; };
		540D4E532216E30600EA4F11 /* Base */ = {isa = PBXFileReference; lastKnownFileType = file.storyboard; name = Base; path = Base.lproj/Main.storyboard; sourceTree = "<group>"; };
		540D4E552216E30700EA4F11 /* Assets.xcassets */ = {isa = PBXFileReference; lastKnownFileType = folder.assetcatalog; path = Assets.xcassets; sourceTree = "<group>"; };
		540D4E582216E30700EA4F11 /* Base */ = {isa = PBXFileReference; lastKnownFileType = file.storyboard; name = Base; path = Base.lproj/LaunchScreen.storyboard; sourceTree = "<group>"; };
		540D4E5A2216E30700EA4F11 /* Info.plist */ = {isa = PBXFileReference; lastKnownFileType = text.plist.xml; path = Info.plist; sourceTree = "<group>"; };
		540D4E5B2216E30700EA4F11 /* ARPaint-Bridging-Header.h */ = {isa = PBXFileReference; lastKnownFileType = sourcecode.c.h; path = "ARPaint-Bridging-Header.h"; sourceTree = "<group>"; };
		540D4E602216E30700EA4F11 /* ARPaintTests.xctest */ = {isa = PBXFileReference; explicitFileType = wrapper.cfbundle; includeInIndex = 0; path = ARPaintTests.xctest; sourceTree = BUILT_PRODUCTS_DIR; };
		540D4E642216E30700EA4F11 /* ARPaintTests.swift */ = {isa = PBXFileReference; lastKnownFileType = sourcecode.swift; path = ARPaintTests.swift; sourceTree = "<group>"; };
		540D4E662216E30700EA4F11 /* Info.plist */ = {isa = PBXFileReference; lastKnownFileType = text.plist.xml; path = Info.plist; sourceTree = "<group>"; };
		540D4E6B2216E30700EA4F11 /* ARPaintUITests.xctest */ = {isa = PBXFileReference; explicitFileType = wrapper.cfbundle; includeInIndex = 0; path = ARPaintUITests.xctest; sourceTree = BUILT_PRODUCTS_DIR; };
		540D4E6F2216E30700EA4F11 /* ARPaintUITests.swift */ = {isa = PBXFileReference; lastKnownFileType = sourcecode.swift; path = ARPaintUITests.swift; sourceTree = "<group>"; };
		540D4E712216E30700EA4F11 /* Info.plist */ = {isa = PBXFileReference; lastKnownFileType = text.plist.xml; path = Info.plist; sourceTree = "<group>"; };
/* End PBXFileReference section */

/* Begin PBXFrameworksBuildPhase section */
		540D4E432216E30600EA4F11 /* Frameworks */ = {
			isa = PBXFrameworksBuildPhase;
			buildActionMask = 2147483647;
			files = (
			);
			runOnlyForDeploymentPostprocessing = 0;
		};
		540D4E5D2216E30700EA4F11 /* Frameworks */ = {
			isa = PBXFrameworksBuildPhase;
			buildActionMask = 2147483647;
			files = (
			);
			runOnlyForDeploymentPostprocessing = 0;
		};
		540D4E682216E30700EA4F11 /* Frameworks */ = {
			isa = PBXFrameworksBuildPhase;
			buildActionMask = 2147483647;
			files = (
			);
			runOnlyForDeploymentPostprocessing = 0;
		};
/* End PBXFrameworksBuildPhase section */

/* Begin PBXGroup section */
		540D4E3D2216E30600EA4F11 = {
			isa = PBXGroup;
			children = (
				540D4E482216E30600EA4F11 /* ARPaint */,
				540D4E632216E30700EA4F11 /* ARPaintTests */,
				540D4E6E2216E30700EA4F11 /* ARPaintUITests */,
				540D4E472216E30600EA4F11 /* Products */,
			);
			sourceTree = "<group>";
		};
		540D4E472216E30600EA4F11 /* Products */ = {
			isa = PBXGroup;
			children = (
				540D4E462216E30600EA4F11 /* ARPaint.app */,
				540D4E602216E30700EA4F11 /* ARPaintTests.xctest */,
				540D4E6B2216E30700EA4F11 /* ARPaintUITests.xctest */,
			);
			name = Products;
			sourceTree = "<group>";
		};
		540D4E482216E30600EA4F11 /* ARPaint */ = {
			isa = PBXGroup;
			children = (
				540D4E492216E30600EA4F11 /* AppDelegate.swift */,
				540D4E4B2216E30600EA4F11 /* Shaders.metal */,
				540D4E4D2216E30600EA4F11 /* ShaderTypes.h */,
				540D4E4E2216E30600EA4F11 /* Renderer.swift */,
				540D4E502216E30600EA4F11 /* ViewController.swift */,
				540D4E522216E30600EA4F11 /* Main.storyboard */,
				540D4E552216E30700EA4F11 /* Assets.xcassets */,
				540D4E572216E30700EA4F11 /* LaunchScreen.storyboard */,
				540D4E5A2216E30700EA4F11 /* Info.plist */,
				540D4E5B2216E30700EA4F11 /* ARPaint-Bridging-Header.h */,
			);
			path = ARPaint;
			sourceTree = "<group>";
		};
		540D4E632216E30700EA4F11 /* ARPaintTests */ = {
			isa = PBXGroup;
			children = (
				540D4E642216E30700EA4F11 /* ARPaintTests.swift */,
				540D4E662216E30700EA4F11 /* Info.plist */,
			);
			path = ARPaintTests;
			sourceTree = "<group>";
		};
		540D4E6E2216E30700EA4F11 /* ARPaintUITests */ = {
			isa = PBXGroup;
			children = (
				540D4E6F2216E30700EA4F11 /* ARPaintUITests.swift */,
				540D4E712216E30700EA4F11 /* Info.plist */,
			);
			path = ARPaintUITests;
			sourceTree = "<group>";
		};
/* End PBXGroup section */

/* Begin PBXNativeTarget section */
		540D4E452216E30600EA4F11 /* ARPaint */ = {
			isa = PBXNativeTarget;
			buildConfigurationList = 540D4E742216E30700EA4F11 /* Build configuration list for PBXNativeTarget "ARPaint" */;
			buildPhases = (
				540D4E422216E30600EA4F11 /* Sources */,
				540D4E432216E30600EA4F11 /* Frameworks */,
				540D4E442216E30600EA4F11 /* Resources */,
			);
			buildRules = (
			);
			dependencies = (
			);
			name = ARPaint;
			productName = ARPaint;
			productReference = 540D4E462216E30600EA4F11 /* ARPaint.app */;
			productType = "com.apple.product-type.application";
		};
		540D4E5F2216E30700EA4F11 /* ARPaintTests */ = {
			isa = PBXNativeTarget;
			buildConfigurationList = 540D4E772216E30700EA4F11 /* Build configuration list for PBXNativeTarget "ARPaintTests" */;
			buildPhases = (
				540D4E5C2216E30700EA4F11 /* Sources */,
				540D4E5D2216E30700EA4F11 /* Frameworks */,
				540D4E5E2216E30700EA4F11 /* Resources */,
			);
			buildRules = (
			);
			dependencies = (
				540D4E622216E30700EA4F11 /* PBXTargetDependency */,
			);
			name = ARPaintTests;
			productName = ARPaintTests;
			productReference = 540D4E602216E30700EA4F11 /* ARPaintTests.xctest */;
			productType = "com.apple.product-type.bundle.unit-test";
		};
		540D4E6A2216E30700EA4F11 /* ARPaintUITests */ = {
			isa = PBXNativeTarget;
			buildConfigurationList = 540D4E7A2216E30700EA4F11 /* Build configuration list for PBXNativeTarget "ARPaintUITests" */;
			buildPhases = (
				540D4E672216E30700EA4F11 /* Sources */,
				540D4E682216E30700EA4F11 /* Frameworks */,
				540D4E692216E30700EA4F11 /* Resources */,
			);
			buildRules = (
			);
			dependencies = (
				540D4E6D2216E30700EA4F11 /* PBXTargetDependency */,
			);
			name = ARPaintUITests;
			productName = ARPaintUITests;
			productReference = 540D4E6B2216E30700EA4F11 /* ARPaintUITests.xctest */;
			productType = "com.apple.product-type.bundle.ui-testing";
		};
/* End PBXNativeTarget section */

/* Begin PBXProject section */
		540D4E3E2216E30600EA4F11 /* Project object */ = {
			isa = PBXProject;
			attributes = {
				LastSwiftUpdateCheck = 1010;
				LastUpgradeCheck = 1010;
				ORGANIZATIONNAME = "David Crooks";
				TargetAttributes = {
					540D4E452216E30600EA4F11 = {
						CreatedOnToolsVersion = 10.1;
					};
					540D4E5F2216E30700EA4F11 = {
						CreatedOnToolsVersion = 10.1;
						TestTargetID = 540D4E452216E30600EA4F11;
					};
					540D4E6A2216E30700EA4F11 = {
						CreatedOnToolsVersion = 10.1;
						TestTargetID = 540D4E452216E30600EA4F11;
					};
				};
			};
			buildConfigurationList = 540D4E412216E30600EA4F11 /* Build configuration list for PBXProject "ARPaint" */;
			compatibilityVersion = "Xcode 9.3";
			developmentRegion = en;
			hasScannedForEncodings = 0;
			knownRegions = (
				en,
				Base,
			);
			mainGroup = 540D4E3D2216E30600EA4F11;
			productRefGroup = 540D4E472216E30600EA4F11 /* Products */;
			projectDirPath = "";
			projectRoot = "";
			targets = (
				540D4E452216E30600EA4F11 /* ARPaint */,
				540D4E5F2216E30700EA4F11 /* ARPaintTests */,
				540D4E6A2216E30700EA4F11 /* ARPaintUITests */,
			);
		};
/* End PBXProject section */

/* Begin PBXResourcesBuildPhase section */
		540D4E442216E30600EA4F11 /* Resources */ = {
			isa = PBXResourcesBuildPhase;
			buildActionMask = 2147483647;
			files = (
				540D4E592216E30700EA4F11 /* LaunchScreen.storyboard in Resources */,
				540D4E562216E30700EA4F11 /* Assets.xcassets in Resources */,
				540D4E542216E30600EA4F11 /* Main.storyboard in Resources */,
			);
			runOnlyForDeploymentPostprocessing = 0;
		};
		540D4E5E2216E30700EA4F11 /* Resources */ = {
			isa = PBXResourcesBuildPhase;
			buildActionMask = 2147483647;
			files = (
			);
			runOnlyForDeploymentPostprocessing = 0;
		};
		540D4E692216E30700EA4F11 /* Resources */ = {
			isa = PBXResourcesBuildPhase;
			buildActionMask = 2147483647;
			files = (
			);
			runOnlyForDeploymentPostprocessing = 0;
		};
/* End PBXResourcesBuildPhase section */

/* Begin PBXSourcesBuildPhase section */
		540D4E422216E30600EA4F11 /* Sources */ = {
			isa = PBXSourcesBuildPhase;
			buildActionMask = 2147483647;
			files = (
				540D4E4C2216E30600EA4F11 /* Shaders.metal in Sources */,
				540D4E4F2216E30600EA4F11 /* Renderer.swift in Sources */,
				540D4E512216E30600EA4F11 /* ViewController.swift in Sources */,
				540D4E4A2216E30600EA4F11 /* AppDelegate.swift in Sources */,
			);
			runOnlyForDeploymentPostprocessing = 0;
		};
		540D4E5C2216E30700EA4F11 /* Sources */ = {
			isa = PBXSourcesBuildPhase;
			buildActionMask = 2147483647;
			files = (
				540D4E652216E30700EA4F11 /* ARPaintTests.swift in Sources */,
			);
			runOnlyForDeploymentPostprocessing = 0;
		};
		540D4E672216E30700EA4F11 /* Sources */ = {
			isa = PBXSourcesBuildPhase;
			buildActionMask = 2147483647;
			files = (
				540D4E702216E30700EA4F11 /* ARPaintUITests.swift in Sources */,
			);
			runOnlyForDeploymentPostprocessing = 0;
		};
/* End PBXSourcesBuildPhase section */

/* Begin PBXTargetDependency section */
		540D4E622216E30700EA4F11 /* PBXTargetDependency */ = {
			isa = PBXTargetDependency;
			target = 540D4E452216E30600EA4F11 /* ARPaint */;
			targetProxy = 540D4E612216E30700EA4F11 /* PBXContainerItemProxy */;
		};
		540D4E6D2216E30700EA4F11 /* PBXTargetDependency */ = {
			isa = PBXTargetDependency;
			target = 540D4E452216E30600EA4F11 /* ARPaint */;
			targetProxy = 540D4E6C2216E30700EA4F11 /* PBXContainerItemProxy */;
		};
/* End PBXTargetDependency section */

/* Begin PBXVariantGroup section */
		540D4E522216E30600EA4F11 /* Main.storyboard */ = {
			isa = PBXVariantGroup;
			children = (
				540D4E532216E30600EA4F11 /* Base */,
			);
			name = Main.storyboard;
			sourceTree = "<group>";
		};
		540D4E572216E30700EA4F11 /* LaunchScreen.storyboard */ = {
			isa = PBXVariantGroup;
			children = (
				540D4E582216E30700EA4F11 /* Base */,
			);
			name = LaunchScreen.storyboard;
			sourceTree = "<group>";
		};
/* End PBXVariantGroup section */

/* Begin XCBuildConfiguration section */
		540D4E722216E30700EA4F11 /* Debug */ = {
			isa = XCBuildConfiguration;
			buildSettings = {
				ALWAYS_SEARCH_USER_PATHS = NO;
				CLANG_ANALYZER_NONNULL = YES;
				CLANG_ANALYZER_NUMBER_OBJECT_CONVERSION = YES_AGGRESSIVE;
				CLANG_CXX_LANGUAGE_STANDARD = "gnu++14";
				CLANG_CXX_LIBRARY = "libc++";
				CLANG_ENABLE_MODULES = YES;
				CLANG_ENABLE_OBJC_ARC = YES;
				CLANG_ENABLE_OBJC_WEAK = YES;
				CLANG_WARN_BLOCK_CAPTURE_AUTORELEASING = YES;
				CLANG_WARN_BOOL_CONVERSION = YES;
				CLANG_WARN_COMMA = YES;
				CLANG_WARN_CONSTANT_CONVERSION = YES;
				CLANG_WARN_DEPRECATED_OBJC_IMPLEMENTATIONS = YES;
				CLANG_WARN_DIRECT_OBJC_ISA_USAGE = YES_ERROR;
				CLANG_WARN_DOCUMENTATION_COMMENTS = YES;
				CLANG_WARN_EMPTY_BODY = YES;
				CLANG_WARN_ENUM_CONVERSION = YES;
				CLANG_WARN_INFINITE_RECURSION = YES;
				CLANG_WARN_INT_CONVERSION = YES;
				CLANG_WARN_NON_LITERAL_NULL_CONVERSION = YES;
				CLANG_WARN_OBJC_IMPLICIT_RETAIN_SELF = YES;
				CLANG_WARN_OBJC_LITERAL_CONVERSION = YES;
				CLANG_WARN_OBJC_ROOT_CLASS = YES_ERROR;
				CLANG_WARN_RANGE_LOOP_ANALYSIS = YES;
				CLANG_WARN_STRICT_PROTOTYPES = YES;
				CLANG_WARN_SUSPICIOUS_MOVE = YES;
				CLANG_WARN_UNGUARDED_AVAILABILITY = YES_AGGRESSIVE;
				CLANG_WARN_UNREACHABLE_CODE = YES;
				CLANG_WARN__DUPLICATE_METHOD_MATCH = YES;
				CODE_SIGN_IDENTITY = "iPhone Developer";
				COPY_PHASE_STRIP = NO;
				DEBUG_INFORMATION_FORMAT = dwarf;
				ENABLE_STRICT_OBJC_MSGSEND = YES;
				ENABLE_TESTABILITY = YES;
				GCC_C_LANGUAGE_STANDARD = gnu11;
				GCC_DYNAMIC_NO_PIC = NO;
				GCC_NO_COMMON_BLOCKS = YES;
				GCC_OPTIMIZATION_LEVEL = 0;
				GCC_PREPROCESSOR_DEFINITIONS = (
					"DEBUG=1",
					"$(inherited)",
				);
				GCC_WARN_64_TO_32_BIT_CONVERSION = YES;
				GCC_WARN_ABOUT_RETURN_TYPE = YES_ERROR;
				GCC_WARN_UNDECLARED_SELECTOR = YES;
				GCC_WARN_UNINITIALIZED_AUTOS = YES_AGGRESSIVE;
				GCC_WARN_UNUSED_FUNCTION = YES;
				GCC_WARN_UNUSED_VARIABLE = YES;
				IPHONEOS_DEPLOYMENT_TARGET = 12.1;
				MTL_ENABLE_DEBUG_INFO = INCLUDE_SOURCE;
				MTL_FAST_MATH = YES;
				ONLY_ACTIVE_ARCH = YES;
				SDKROOT = iphoneos;
				SWIFT_ACTIVE_COMPILATION_CONDITIONS = DEBUG;
				SWIFT_OPTIMIZATION_LEVEL = "-Onone";
			};
			name = Debug;
		};
		540D4E732216E30700EA4F11 /* Release */ = {
			isa = XCBuildConfiguration;
			buildSettings = {
				ALWAYS_SEARCH_USER_PATHS = NO;
				CLANG_ANALYZER_NONNULL = YES;
				CLANG_ANALYZER_NUMBER_OBJECT_CONVERSION = YES_AGGRESSIVE;
				CLANG_CXX_LANGUAGE_STANDARD = "gnu++14";
				CLANG_CXX_LIBRARY = "libc++";
				CLANG_ENABLE_MODULES = YES;
				CLANG_ENABLE_OBJC_ARC = YES;
				CLANG_ENABLE_OBJC_WEAK = YES;
				CLANG_WARN_BLOCK_CAPTURE_AUTORELEASING = YES;
				CLANG_WARN_BOOL_CONVERSION = YES;
				CLANG_WARN_COMMA = YES;
				CLANG_WARN_CONSTANT_CONVERSION = YES;
				CLANG_WARN_DEPRECATED_OBJC_IMPLEMENTATIONS = YES;
				CLANG_WARN_DIRECT_OBJC_ISA_USAGE = YES_ERROR;
				CLANG_WARN_DOCUMENTATION_COMMENTS = YES;
				CLANG_WARN_EMPTY_BODY = YES;
				CLANG_WARN_ENUM_CONVERSION = YES;
				CLANG_WARN_INFINITE_RECURSION = YES;
				CLANG_WARN_INT_CONVERSION = YES;
				CLANG_WARN_NON_LITERAL_NULL_CONVERSION = YES;
				CLANG_WARN_OBJC_IMPLICIT_RETAIN_SELF = YES;
				CLANG_WARN_OBJC_LITERAL_CONVERSION = YES;
				CLANG_WARN_OBJC_ROOT_CLASS = YES_ERROR;
				CLANG_WARN_RANGE_LOOP_ANALYSIS = YES;
				CLANG_WARN_STRICT_PROTOTYPES = YES;
				CLANG_WARN_SUSPICIOUS_MOVE = YES;
				CLANG_WARN_UNGUARDED_AVAILABILITY = YES_AGGRESSIVE;
				CLANG_WARN_UNREACHABLE_CODE = YES;
				CLANG_WARN__DUPLICATE_METHOD_MATCH = YES;
				CODE_SIGN_IDENTITY = "iPhone Developer";
				COPY_PHASE_STRIP = NO;
				DEBUG_INFORMATION_FORMAT = "dwarf-with-dsym";
				ENABLE_NS_ASSERTIONS = NO;
				ENABLE_STRICT_OBJC_MSGSEND = YES;
				GCC_C_LANGUAGE_STANDARD = gnu11;
				GCC_NO_COMMON_BLOCKS = YES;
				GCC_WARN_64_TO_32_BIT_CONVERSION = YES;
				GCC_WARN_ABOUT_RETURN_TYPE = YES_ERROR;
				GCC_WARN_UNDECLARED_SELECTOR = YES;
				GCC_WARN_UNINITIALIZED_AUTOS = YES_AGGRESSIVE;
				GCC_WARN_UNUSED_FUNCTION = YES;
				GCC_WARN_UNUSED_VARIABLE = YES;
				IPHONEOS_DEPLOYMENT_TARGET = 12.1;
				MTL_ENABLE_DEBUG_INFO = NO;
				MTL_FAST_MATH = YES;
				SDKROOT = iphoneos;
				SWIFT_COMPILATION_MODE = wholemodule;
				SWIFT_OPTIMIZATION_LEVEL = "-O";
				VALIDATE_PRODUCT = YES;
			};
			name = Release;
		};
		540D4E752216E30700EA4F11 /* Debug */ = {
			isa = XCBuildConfiguration;
			buildSettings = {
				ASSETCATALOG_COMPILER_APPICON_NAME = AppIcon;
				CODE_SIGN_STYLE = Automatic;
				INFOPLIST_FILE = ARPaint/Info.plist;
				LD_RUNPATH_SEARCH_PATHS = (
					"$(inherited)",
					"@executable_path/Frameworks",
				);
				PRODUCT_BUNDLE_IDENTIFIER = com.crooks.ARPaint;
				PRODUCT_NAME = "$(TARGET_NAME)";
				SWIFT_OBJC_BRIDGING_HEADER = "ARPaint/ARPaint-Bridging-Header.h";
				SWIFT_VERSION = 4.2;
				TARGETED_DEVICE_FAMILY = "1,2";
			};
			name = Debug;
		};
		540D4E762216E30700EA4F11 /* Release */ = {
			isa = XCBuildConfiguration;
			buildSettings = {
				ASSETCATALOG_COMPILER_APPICON_NAME = AppIcon;
				CODE_SIGN_STYLE = Automatic;
				INFOPLIST_FILE = ARPaint/Info.plist;
				LD_RUNPATH_SEARCH_PATHS = (
					"$(inherited)",
					"@executable_path/Frameworks",
				);
				PRODUCT_BUNDLE_IDENTIFIER = com.crooks.ARPaint;
				PRODUCT_NAME = "$(TARGET_NAME)";
				SWIFT_OBJC_BRIDGING_HEADER = "ARPaint/ARPaint-Bridging-Header.h";
				SWIFT_VERSION = 4.2;
				TARGETED_DEVICE_FAMILY = "1,2";
			};
			name = Release;
		};
		540D4E782216E30700EA4F11 /* Debug */ = {
			isa = XCBuildConfiguration;
			buildSettings = {
				ALWAYS_EMBED_SWIFT_STANDARD_LIBRARIES = YES;
				BUNDLE_LOADER = "$(TEST_HOST)";
				CODE_SIGN_STYLE = Automatic;
				INFOPLIST_FILE = ARPaintTests/Info.plist;
				LD_RUNPATH_SEARCH_PATHS = (
					"$(inherited)",
					"@executable_path/Frameworks",
					"@loader_path/Frameworks",
				);
				PRODUCT_BUNDLE_IDENTIFIER = com.crooks.ARPaintTests;
				PRODUCT_NAME = "$(TARGET_NAME)";
				SWIFT_VERSION = 4.2;
				TARGETED_DEVICE_FAMILY = "1,2";
				TEST_HOST = "$(BUILT_PRODUCTS_DIR)/ARPaint.app/ARPaint";
			};
			name = Debug;
		};
		540D4E792216E30700EA4F11 /* Release */ = {
			isa = XCBuildConfiguration;
			buildSettings = {
				ALWAYS_EMBED_SWIFT_STANDARD_LIBRARIES = YES;
				BUNDLE_LOADER = "$(TEST_HOST)";
				CODE_SIGN_STYLE = Automatic;
				INFOPLIST_FILE = ARPaintTests/Info.plist;
				LD_RUNPATH_SEARCH_PATHS = (
					"$(inherited)",
					"@executable_path/Frameworks",
					"@loader_path/Frameworks",
				);
				PRODUCT_BUNDLE_IDENTIFIER = com.crooks.ARPaintTests;
				PRODUCT_NAME = "$(TARGET_NAME)";
				SWIFT_VERSION = 4.2;
				TARGETED_DEVICE_FAMILY = "1,2";
				TEST_HOST = "$(BUILT_PRODUCTS_DIR)/ARPaint.app/ARPaint";
			};
			name = Release;
		};
		540D4E7B2216E30700EA4F11 /* Debug */ = {
			isa = XCBuildConfiguration;
			buildSettings = {
				ALWAYS_EMBED_SWIFT_STANDARD_LIBRARIES = YES;
				CODE_SIGN_STYLE = Automatic;
				INFOPLIST_FILE = ARPaintUITests/Info.plist;
				LD_RUNPATH_SEARCH_PATHS = (
					"$(inherited)",
					"@executable_path/Frameworks",
					"@loader_path/Frameworks",
				);
				PRODUCT_BUNDLE_IDENTIFIER = com.crooks.ARPaintUITests;
				PRODUCT_NAME = "$(TARGET_NAME)";
				SWIFT_VERSION = 4.2;
				TARGETED_DEVICE_FAMILY = "1,2";
				TEST_TARGET_NAME = ARPaint;
			};
			name = Debug;
		};
		540D4E7C2216E30700EA4F11 /* Release */ = {
			isa = XCBuildConfiguration;
			buildSettings = {
				ALWAYS_EMBED_SWIFT_STANDARD_LIBRARIES = YES;
				CODE_SIGN_STYLE = Automatic;
				INFOPLIST_FILE = ARPaintUITests/Info.plist;
				LD_RUNPATH_SEARCH_PATHS = (
					"$(inherited)",
					"@executable_path/Frameworks",
					"@loader_path/Frameworks",
				);
				PRODUCT_BUNDLE_IDENTIFIER = com.crooks.ARPaintUITests;
				PRODUCT_NAME = "$(TARGET_NAME)";
				SWIFT_VERSION = 4.2;
				TARGETED_DEVICE_FAMILY = "1,2";
				TEST_TARGET_NAME = ARPaint;
			};
			name = Release;
		};
/* End XCBuildConfiguration section */

/* Begin XCConfigurationList section */
		540D4E412216E30600EA4F11 /* Build configuration list for PBXProject "ARPaint" */ = {
			isa = XCConfigurationList;
			buildConfigurations = (
				540D4E722216E30700EA4F11 /* Debug */,
				540D4E732216E30700EA4F11 /* Release */,
			);
			defaultConfigurationIsVisible = 0;
			defaultConfigurationName = Release;
		};
		540D4E742216E30700EA4F11 /* Build configuration list for PBXNativeTarget "ARPaint" */ = {
			isa = XCConfigurationList;
			buildConfigurations = (
				540D4E752216E30700EA4F11 /* Debug */,
				540D4E762216E30700EA4F11 /* Release */,
			);
			defaultConfigurationIsVisible = 0;
			defaultConfigurationName = Release;
		};
		540D4E772216E30700EA4F11 /* Build configuration list for PBXNativeTarget "ARPaintTests" */ = {
			isa = XCConfigurationList;
			buildConfigurations = (
				540D4E782216E30700EA4F11 /* Debug */,
				540D4E792216E30700EA4F11 /* Release */,
			);
			defaultConfigurationIsVisible = 0;
			defaultConfigurationName = Release;
		};
		540D4E7A2216E30700EA4F11 /* Build configuration list for PBXNativeTarget "ARPaintUITests" */ = {
			isa = XCConfigurationList;
			buildConfigurations = (
				540D4E7B2216E30700EA4F11 /* Debug */,
				540D4E7C2216E30700EA4F11 /* Release */,
			);
			defaultConfigurationIsVisible = 0;
			defaultConfigurationName = Release;
		};
/* End XCConfigurationList section */
	};
	rootObject = 540D4E3E2216E30600EA4F11 /* Project object */;
}
